
Microsoft Visual Studio Solution File, Format Version 12.00
# Visual Studio 15
VisualStudioVersion = 15.0.28307.168
MinimumVisualStudioVersion = 10.0.40219.1
Project("{9A19103F-16F7-4668-BE54-9A1E7A4F7556}") = "Template.Web.Host", "Template.Web.Host\Template.Web.Host.csproj", "{42C10883-8397-4C37-B206-A895B2CA11CD}"
EndProject
Project("{9A19103F-16F7-4668-BE54-9A1E7A4F7556}") = "Template.Core", "Template.Core\Template.Core.csproj", "{904D2B98-BFE4-491F-96E2-D3F0F22EA753}"
EndProject
Project("{9A19103F-16F7-4668-BE54-9A1E7A4F7556}") = "Template.Application", "Template.Application\Template.Application.csproj", "{CA32CCFD-2D69-4952-9457-36C4B555195F}"
EndProject
Project("{9A19103F-16F7-4668-BE54-9A1E7A4F7556}") = "Template.EntityFrameworkCore", "Template.EntityFrameworkCore\Template.EntityFrameworkCore.csproj", "{CA8970B7-71AC-4822-A88E-BF37503B0212}"
EndProject
Project("{9A19103F-16F7-4668-BE54-9A1E7A4F7556}") = "Template.Web.Core", "Template.Web.Core\Template.Web.Core.csproj", "{6AB39A35-6824-4C59-81F9-E723F71FA552}"
EndProject
Project("{FAE04EC0-301F-11D3-BF4B-00C04F79EFBC}") = "Template.Shared", "Template.Shared\Template.Shared.csproj", "{B927E1C8-C82D-4E9F-B675-26A3A30730BC}"
EndProject
Global
	GlobalSection(SolutionConfigurationPlatforms) = preSolution
		Debug|Any CPU = Debug|Any CPU
		Release|Any CPU = Release|Any CPU
	EndGlobalSection
	GlobalSection(ProjectConfigurationPlatforms) = postSolution
		{42C10883-8397-4C37-B206-A895B2CA11CD}.Debug|Any CPU.ActiveCfg = Debug|Any CPU
		{42C10883-8397-4C37-B206-A895B2CA11CD}.Debug|Any CPU.Build.0 = Debug|Any CPU
		{42C10883-8397-4C37-B206-A895B2CA11CD}.Release|Any CPU.ActiveCfg = Release|Any CPU
		{42C10883-8397-4C37-B206-A895B2CA11CD}.Release|Any CPU.Build.0 = Release|Any CPU
		{904D2B98-BFE4-491F-96E2-D3F0F22EA753}.Debug|Any CPU.ActiveCfg = Debug|Any CPU
		{904D2B98-BFE4-491F-96E2-D3F0F22EA753}.Debug|Any CPU.Build.0 = Debug|Any CPU
		{904D2B98-BFE4-491F-96E2-D3F0F22EA753}.Release|Any CPU.ActiveCfg = Release|Any CPU
		{904D2B98-BFE4-491F-96E2-D3F0F22EA753}.Release|Any CPU.Build.0 = Release|Any CPU
		{CA32CCFD-2D69-4952-9457-36C4B555195F}.Debug|Any CPU.ActiveCfg = Debug|Any CPU
		{CA32CCFD-2D69-4952-9457-36C4B555195F}.Debug|Any CPU.Build.0 = Debug|Any CPU
		{CA32CCFD-2D69-4952-9457-36C4B555195F}.Release|Any CPU.ActiveCfg = Release|Any CPU
		{CA32CCFD-2D69-4952-9457-36C4B555195F}.Release|Any CPU.Build.0 = Release|Any CPU
		{CA8970B7-71AC-4822-A88E-BF37503B0212}.Debug|Any CPU.ActiveCfg = Debug|Any CPU
		{CA8970B7-71AC-4822-A88E-BF37503B0212}.Debug|Any CPU.Build.0 = Debug|Any CPU
		{CA8970B7-71AC-4822-A88E-BF37503B0212}.Release|Any CPU.ActiveCfg = Release|Any CPU
		{CA8970B7-71AC-4822-A88E-BF37503B0212}.Release|Any CPU.Build.0 = Release|Any CPU
		{6AB39A35-6824-4C59-81F9-E723F71FA552}.Debug|Any CPU.ActiveCfg = Debug|Any CPU
		{6AB39A35-6824-4C59-81F9-E723F71FA552}.Debug|Any CPU.Build.0 = Debug|Any CPU
		{6AB39A35-6824-4C59-81F9-E723F71FA552}.Release|Any CPU.ActiveCfg = Release|Any CPU
		{6AB39A35-6824-4C59-81F9-E723F71FA552}.Release|Any CPU.Build.0 = Release|Any CPU
		{B927E1C8-C82D-4E9F-B675-26A3A30730BC}.Debug|Any CPU.ActiveCfg = Debug|Any CPU
		{B927E1C8-C82D-4E9F-B675-26A3A30730BC}.Debug|Any CPU.Build.0 = Debug|Any CPU
		{B927E1C8-C82D-4E9F-B675-26A3A30730BC}.Release|Any CPU.ActiveCfg = Release|Any CPU
		{B927E1C8-C82D-4E9F-B675-26A3A30730BC}.Release|Any CPU.Build.0 = Release|Any CPU
	EndGlobalSection
	GlobalSection(SolutionProperties) = preSolution
		HideSolutionNode = FALSE
	EndGlobalSection
	GlobalSection(ExtensibilityGlobals) = postSolution
		SolutionGuid = {F38EA898-D32D-4F9F-A6C4-E90C896BED8D}
	EndGlobalSection
EndGlobal
